
Microsoft Visual Studio Solution File, Format Version 12.00
# Visual Studio 14
VisualStudioVersion = 14.0.24720.0
MinimumVisualStudioVersion = 10.0.40219.1
Project("{2150E333-8FDC-42A3-9474-1A3956D46DE8}") = "src", "src", "{BFE018E1-69B6-4F29-B819-D4C75954F176}"
EndProject
Project("{2150E333-8FDC-42A3-9474-1A3956D46DE8}") = "Solution Items", "Solution Items", "{9A8565E5-E484-4AA9-B70A-88AB937C6AC0}"
	ProjectSection(SolutionItems) = preProject
		global.json = global.json
	EndProjectSection
EndProject
Project("{8BB2217D-0F2D-49D1-97BC-3654ED321F3B}") = "AntFlow.NET", "src\AntFlow.NET\AntFlow.NET.xproj", "{39862FBA-77F1-4504-8562-5A98F98E7428}"
EndProject
Global
	GlobalSection(SolutionConfigurationPlatforms) = preSolution
		Debug|Any CPU = Debug|Any CPU
		Release|Any CPU = Release|Any CPU
	EndGlobalSection
	GlobalSection(ProjectConfigurationPlatforms) = postSolution
		{39862FBA-77F1-4504-8562-5A98F98E7428}.Debug|Any CPU.ActiveCfg = Debug|Any CPU
		{39862FBA-77F1-4504-8562-5A98F98E7428}.Debug|Any CPU.Build.0 = Debug|Any CPU
		{39862FBA-77F1-4504-8562-5A98F98E7428}.Release|Any CPU.ActiveCfg = Release|Any CPU
		{39862FBA-77F1-4504-8562-5A98F98E7428}.Release|Any CPU.Build.0 = Release|Any CPU
	EndGlobalSection
	GlobalSection(SolutionProperties) = preSolution
		HideSolutionNode = FALSE
	EndGlobalSection
	GlobalSection(NestedProjects) = preSolution
		{39862FBA-77F1-4504-8562-5A98F98E7428} = {BFE018E1-69B6-4F29-B819-D4C75954F176}
	EndGlobalSection
EndGlobal
